
Microsoft Visual Studio Solution File, Format Version 12.00
# Visual Studio Version 17
VisualStudioVersion = 17.0.31903.59
MinimumVisualStudioVersion = 10.0.40219.1
Project("{9A19103F-16F7-4668-BE54-9A1E7A4F7556}") = "FluxFlow.Engine", "src\FluxFlow.Engine\FluxFlow.Engine.csproj", "{A1B2C3D4-E5F6-7890-ABCD-EF1234567890}"
EndProject
Project("{9A19103F-16F7-4668-BE54-9A1E7A4F7556}") = "FluxFlow.Engine.Tests", "tests\FluxFlow.Engine.Tests\FluxFlow.Engine.Tests.csproj", "{B2C3D4E5-F6A7-8901-BCDE-F01234567891}"
EndProject
Project("{9A19103F-16F7-4668-BE54-9A1E7A4F7556}") = "FluxFlow.SampleApp", "samples\FluxFlow.SampleApp\FluxFlow.SampleApp.csproj", "{6B0C7186-C19B-4999-905A-D0FA6AC4D40F}"
EndProject
Project("{2150E333-8FDC-42A3-9474-1A3956D46DE8}") = "src", "src", "{827E0CD3-B72D-47B6-A68D-7590B98EB39B}"
EndProject
Project("{FAE04EC0-301F-11D3-BF4B-00C04F79EFBC}") = "FluxFlow.Components.Mqtt", "src\FluxFlow.Components.Mqtt\FluxFlow.Components.Mqtt.csproj", "{2C850AE8-F45A-486D-91A8-153434BC9051}"
EndProject
Project("{2150E333-8FDC-42A3-9474-1A3956D46DE8}") = "tests", "tests", "{0AB3BF05-4346-4AA6-1389-037BE0695223}"
EndProject
Project("{FAE04EC0-301F-11D3-BF4B-00C04F79EFBC}") = "FluxFlow.Components.Mqtt.Tests", "tests\FluxFlow.Components.Mqtt.Tests\FluxFlow.Components.Mqtt.Tests.csproj", "{B0332B14-CA7D-4D78-92DA-B1C09D83056B}"
EndProject
Project("{FAE04EC0-301F-11D3-BF4B-00C04F79EFBC}") = "FluxFlow.Components.Mapping", "src\FluxFlow.Components.Mapping\FluxFlow.Components.Mapping.csproj", "{D9130A71-1A89-4C6F-95E2-578AB2CBE920}"
EndProject
Project("{FAE04EC0-301F-11D3-BF4B-00C04F79EFBC}") = "FluxFlow.Components.Mapping.Tests", "tests\FluxFlow.Components.Mapping.Tests\FluxFlow.Components.Mapping.Tests.csproj", "{5B104CB9-ACCB-42F3-9157-AF84FE8B3E4D}"
EndProject
Project("{FAE04EC0-301F-11D3-BF4B-00C04F79EFBC}") = "FluxFlow.Components.Control", "src\FluxFlow.Components.Control\FluxFlow.Components.Control.csproj", "{636E3CD9-0C81-4C10-ACE8-4ABDC74DD236}"
EndProject
Project("{FAE04EC0-301F-11D3-BF4B-00C04F79EFBC}") = "FluxFlow.Components.Control.Tests", "tests\FluxFlow.Components.Control.Tests\FluxFlow.Components.Control.Tests.csproj", "{A187A832-B31C-446E-B2C3-416106C6578D}"
EndProject
Project("{2150E333-8FDC-42A3-9474-1A3956D46DE8}") = "samples", "samples", "{5D20AA90-6969-D8BD-9DCD-8634F4692FDA}"
EndProject
Project("{FAE04EC0-301F-11D3-BF4B-00C04F79EFBC}") = "FluxFlow.MappingControlSample", "samples\FluxFlow.MappingControlSample\FluxFlow.MappingControlSample.csproj", "{4506352C-7826-47EB-86CB-892E8AA34C3F}"
EndProject
Project("{FAE04EC0-301F-11D3-BF4B-00C04F79EFBC}") = "FluxFlow.MqttCompositionSample", "samples\FluxFlow.MqttCompositionSample\FluxFlow.MqttCompositionSample.csproj", "{BA4CD270-9012-4ED7-AA5E-613B656C2DAC}"
EndProject
Project("{FAE04EC0-301F-11D3-BF4B-00C04F79EFBC}") = "FluxFlow.ComponentPackageTemplate", "samples\FluxFlow.ComponentPackageTemplate\FluxFlow.ComponentPackageTemplate.csproj", "{9549CDB0-B187-4860-B06C-5A5A445E088B}"
EndProject
Project("{FAE04EC0-301F-11D3-BF4B-00C04F79EFBC}") = "FluxFlow.ComponentPackageTemplate.Tests", "tests\FluxFlow.ComponentPackageTemplate.Tests\FluxFlow.ComponentPackageTemplate.Tests.csproj", "{32378CF0-CB7D-4242-957B-676908420E8A}"
EndProject
Project("{FAE04EC0-301F-11D3-BF4B-00C04F79EFBC}") = "FluxFlow.Components.Validation", "src\FluxFlow.Components.Validation\FluxFlow.Components.Validation.csproj", "{5AEBC439-9CA8-4D02-A118-B19090E66223}"
EndProject
Project("{FAE04EC0-301F-11D3-BF4B-00C04F79EFBC}") = "FluxFlow.Components.Validation.Tests", "tests\FluxFlow.Components.Validation.Tests\FluxFlow.Components.Validation.Tests.csproj", "{BD693153-6B2D-4B54-BFC9-35E20C996270}"
EndProject
Project("{FAE04EC0-301F-11D3-BF4B-00C04F79EFBC}") = "FluxFlow.Components.FileSystem", "src\FluxFlow.Components.FileSystem\FluxFlow.Components.FileSystem.csproj", "{BDB248AE-6CBB-4BB5-9FB1-8A8FDD18C4CE}"
EndProject
Project("{FAE04EC0-301F-11D3-BF4B-00C04F79EFBC}") = "FluxFlow.Components.FileSystem.Tests", "tests\FluxFlow.Components.FileSystem.Tests\FluxFlow.Components.FileSystem.Tests.csproj", "{44DA15EF-BB86-4C4F-8809-A5BCA7B7FA18}"
EndProject
Project("{FAE04EC0-301F-11D3-BF4B-00C04F79EFBC}") = "FluxFlow.Components.Observability", "src\FluxFlow.Components.Observability\FluxFlow.Components.Observability.csproj", "{D03E7529-5E28-4478-A0DC-596B674C11CC}"
EndProject
Project("{FAE04EC0-301F-11D3-BF4B-00C04F79EFBC}") = "FluxFlow.Components.Observability.Tests", "tests\FluxFlow.Components.Observability.Tests\FluxFlow.Components.Observability.Tests.csproj", "{4E0630FC-BB47-4454-B395-5AFC89AAA207}"
EndProject
Project("{FAE04EC0-301F-11D3-BF4B-00C04F79EFBC}") = "FluxFlow.Components.Timers", "src\FluxFlow.Components.Timers\FluxFlow.Components.Timers.csproj", "{5EC25549-ADE1-46C0-9AD3-88D6BE2DD2E4}"
EndProject
Project("{FAE04EC0-301F-11D3-BF4B-00C04F79EFBC}") = "FluxFlow.Components.Timers.Tests", "tests\FluxFlow.Components.Timers.Tests\FluxFlow.Components.Timers.Tests.csproj", "{3AB2EDD3-29CD-4439-824A-AA77A83D8313}"
EndProject
Global
	GlobalSection(SolutionConfigurationPlatforms) = preSolution
		Debug|Any CPU = Debug|Any CPU
		Debug|x64 = Debug|x64
		Debug|x86 = Debug|x86
		Release|Any CPU = Release|Any CPU
		Release|x64 = Release|x64
		Release|x86 = Release|x86
	EndGlobalSection
	GlobalSection(ProjectConfigurationPlatforms) = postSolution
		{A1B2C3D4-E5F6-7890-ABCD-EF1234567890}.Debug|Any CPU.ActiveCfg = Debug|Any CPU
		{A1B2C3D4-E5F6-7890-ABCD-EF1234567890}.Debug|Any CPU.Build.0 = Debug|Any CPU
		{A1B2C3D4-E5F6-7890-ABCD-EF1234567890}.Debug|x64.ActiveCfg = Debug|Any CPU
		{A1B2C3D4-E5F6-7890-ABCD-EF1234567890}.Debug|x64.Build.0 = Debug|Any CPU
		{A1B2C3D4-E5F6-7890-ABCD-EF1234567890}.Debug|x86.ActiveCfg = Debug|Any CPU
		{A1B2C3D4-E5F6-7890-ABCD-EF1234567890}.Debug|x86.Build.0 = Debug|Any CPU
		{A1B2C3D4-E5F6-7890-ABCD-EF1234567890}.Release|Any CPU.ActiveCfg = Release|Any CPU
		{A1B2C3D4-E5F6-7890-ABCD-EF1234567890}.Release|Any CPU.Build.0 = Release|Any CPU
		{A1B2C3D4-E5F6-7890-ABCD-EF1234567890}.Release|x64.ActiveCfg = Release|Any CPU
		{A1B2C3D4-E5F6-7890-ABCD-EF1234567890}.Release|x64.Build.0 = Release|Any CPU
		{A1B2C3D4-E5F6-7890-ABCD-EF1234567890}.Release|x86.ActiveCfg = Release|Any CPU
		{A1B2C3D4-E5F6-7890-ABCD-EF1234567890}.Release|x86.Build.0 = Release|Any CPU
		{B2C3D4E5-F6A7-8901-BCDE-F01234567891}.Debug|Any CPU.ActiveCfg = Debug|Any CPU
		{B2C3D4E5-F6A7-8901-BCDE-F01234567891}.Debug|Any CPU.Build.0 = Debug|Any CPU
		{B2C3D4E5-F6A7-8901-BCDE-F01234567891}.Debug|x64.ActiveCfg = Debug|Any CPU
		{B2C3D4E5-F6A7-8901-BCDE-F01234567891}.Debug|x64.Build.0 = Debug|Any CPU
		{B2C3D4E5-F6A7-8901-BCDE-F01234567891}.Debug|x86.ActiveCfg = Debug|Any CPU
		{B2C3D4E5-F6A7-8901-BCDE-F01234567891}.Debug|x86.Build.0 = Debug|Any CPU
		{B2C3D4E5-F6A7-8901-BCDE-F01234567891}.Release|Any CPU.ActiveCfg = Release|Any CPU
		{B2C3D4E5-F6A7-8901-BCDE-F01234567891}.Release|Any CPU.Build.0 = Release|Any CPU
		{B2C3D4E5-F6A7-8901-BCDE-F01234567891}.Release|x64.ActiveCfg = Release|Any CPU
		{B2C3D4E5-F6A7-8901-BCDE-F01234567891}.Release|x64.Build.0 = Release|Any CPU
		{B2C3D4E5-F6A7-8901-BCDE-F01234567891}.Release|x86.ActiveCfg = Release|Any CPU
		{B2C3D4E5-F6A7-8901-BCDE-F01234567891}.Release|x86.Build.0 = Release|Any CPU
		{6B0C7186-C19B-4999-905A-D0FA6AC4D40F}.Debug|Any CPU.ActiveCfg = Debug|Any CPU
		{6B0C7186-C19B-4999-905A-D0FA6AC4D40F}.Debug|Any CPU.Build.0 = Debug|Any CPU
		{6B0C7186-C19B-4999-905A-D0FA6AC4D40F}.Debug|x64.ActiveCfg = Debug|Any CPU
		{6B0C7186-C19B-4999-905A-D0FA6AC4D40F}.Debug|x64.Build.0 = Debug|Any CPU
		{6B0C7186-C19B-4999-905A-D0FA6AC4D40F}.Debug|x86.ActiveCfg = Debug|Any CPU
		{6B0C7186-C19B-4999-905A-D0FA6AC4D40F}.Debug|x86.Build.0 = Debug|Any CPU
		{6B0C7186-C19B-4999-905A-D0FA6AC4D40F}.Release|Any CPU.ActiveCfg = Release|Any CPU
		{6B0C7186-C19B-4999-905A-D0FA6AC4D40F}.Release|Any CPU.Build.0 = Release|Any CPU
		{6B0C7186-C19B-4999-905A-D0FA6AC4D40F}.Release|x64.ActiveCfg = Release|Any CPU
		{6B0C7186-C19B-4999-905A-D0FA6AC4D40F}.Release|x64.Build.0 = Release|Any CPU
		{6B0C7186-C19B-4999-905A-D0FA6AC4D40F}.Release|x86.ActiveCfg = Release|Any CPU
		{6B0C7186-C19B-4999-905A-D0FA6AC4D40F}.Release|x86.Build.0 = Release|Any CPU
		{2C850AE8-F45A-486D-91A8-153434BC9051}.Debug|Any CPU.ActiveCfg = Debug|Any CPU
		{2C850AE8-F45A-486D-91A8-153434BC9051}.Debug|Any CPU.Build.0 = Debug|Any CPU
		{2C850AE8-F45A-486D-91A8-153434BC9051}.Debug|x64.ActiveCfg = Debug|Any CPU
		{2C850AE8-F45A-486D-91A8-153434BC9051}.Debug|x64.Build.0 = Debug|Any CPU
		{2C850AE8-F45A-486D-91A8-153434BC9051}.Debug|x86.ActiveCfg = Debug|Any CPU
		{2C850AE8-F45A-486D-91A8-153434BC9051}.Debug|x86.Build.0 = Debug|Any CPU
		{2C850AE8-F45A-486D-91A8-153434BC9051}.Release|Any CPU.ActiveCfg = Release|Any CPU
		{2C850AE8-F45A-486D-91A8-153434BC9051}.Release|Any CPU.Build.0 = Release|Any CPU
		{2C850AE8-F45A-486D-91A8-153434BC9051}.Release|x64.ActiveCfg = Release|Any CPU
		{2C850AE8-F45A-486D-91A8-153434BC9051}.Release|x64.Build.0 = Release|Any CPU
		{2C850AE8-F45A-486D-91A8-153434BC9051}.Release|x86.ActiveCfg = Release|Any CPU
		{2C850AE8-F45A-486D-91A8-153434BC9051}.Release|x86.Build.0 = Release|Any CPU
		{B0332B14-CA7D-4D78-92DA-B1C09D83056B}.Debug|Any CPU.ActiveCfg = Debug|Any CPU
		{B0332B14-CA7D-4D78-92DA-B1C09D83056B}.Debug|Any CPU.Build.0 = Debug|Any CPU
		{B0332B14-CA7D-4D78-92DA-B1C09D83056B}.Debug|x64.ActiveCfg = Debug|Any CPU
		{B0332B14-CA7D-4D78-92DA-B1C09D83056B}.Debug|x64.Build.0 = Debug|Any CPU
		{B0332B14-CA7D-4D78-92DA-B1C09D83056B}.Debug|x86.ActiveCfg = Debug|Any CPU
		{B0332B14-CA7D-4D78-92DA-B1C09D83056B}.Debug|x86.Build.0 = Debug|Any CPU
		{B0332B14-CA7D-4D78-92DA-B1C09D83056B}.Release|Any CPU.ActiveCfg = Release|Any CPU
		{B0332B14-CA7D-4D78-92DA-B1C09D83056B}.Release|Any CPU.Build.0 = Release|Any CPU
		{B0332B14-CA7D-4D78-92DA-B1C09D83056B}.Release|x64.ActiveCfg = Release|Any CPU
		{B0332B14-CA7D-4D78-92DA-B1C09D83056B}.Release|x64.Build.0 = Release|Any CPU
		{B0332B14-CA7D-4D78-92DA-B1C09D83056B}.Release|x86.ActiveCfg = Release|Any CPU
		{B0332B14-CA7D-4D78-92DA-B1C09D83056B}.Release|x86.Build.0 = Release|Any CPU
		{D9130A71-1A89-4C6F-95E2-578AB2CBE920}.Debug|Any CPU.ActiveCfg = Debug|Any CPU
		{D9130A71-1A89-4C6F-95E2-578AB2CBE920}.Debug|Any CPU.Build.0 = Debug|Any CPU
		{D9130A71-1A89-4C6F-95E2-578AB2CBE920}.Debug|x64.ActiveCfg = Debug|Any CPU
		{D9130A71-1A89-4C6F-95E2-578AB2CBE920}.Debug|x64.Build.0 = Debug|Any CPU
		{D9130A71-1A89-4C6F-95E2-578AB2CBE920}.Debug|x86.ActiveCfg = Debug|Any CPU
		{D9130A71-1A89-4C6F-95E2-578AB2CBE920}.Debug|x86.Build.0 = Debug|Any CPU
		{D9130A71-1A89-4C6F-95E2-578AB2CBE920}.Release|Any CPU.ActiveCfg = Release|Any CPU
		{D9130A71-1A89-4C6F-95E2-578AB2CBE920}.Release|Any CPU.Build.0 = Release|Any CPU
		{D9130A71-1A89-4C6F-95E2-578AB2CBE920}.Release|x64.ActiveCfg = Release|Any CPU
		{D9130A71-1A89-4C6F-95E2-578AB2CBE920}.Release|x64.Build.0 = Release|Any CPU
		{D9130A71-1A89-4C6F-95E2-578AB2CBE920}.Release|x86.ActiveCfg = Release|Any CPU
		{D9130A71-1A89-4C6F-95E2-578AB2CBE920}.Release|x86.Build.0 = Release|Any CPU
		{5B104CB9-ACCB-42F3-9157-AF84FE8B3E4D}.Debug|Any CPU.ActiveCfg = Debug|Any CPU
		{5B104CB9-ACCB-42F3-9157-AF84FE8B3E4D}.Debug|Any CPU.Build.0 = Debug|Any CPU
		{5B104CB9-ACCB-42F3-9157-AF84FE8B3E4D}.Debug|x64.ActiveCfg = Debug|Any CPU
		{5B104CB9-ACCB-42F3-9157-AF84FE8B3E4D}.Debug|x64.Build.0 = Debug|Any CPU
		{5B104CB9-ACCB-42F3-9157-AF84FE8B3E4D}.Debug|x86.ActiveCfg = Debug|Any CPU
		{5B104CB9-ACCB-42F3-9157-AF84FE8B3E4D}.Debug|x86.Build.0 = Debug|Any CPU
		{5B104CB9-ACCB-42F3-9157-AF84FE8B3E4D}.Release|Any CPU.ActiveCfg = Release|Any CPU
		{5B104CB9-ACCB-42F3-9157-AF84FE8B3E4D}.Release|Any CPU.Build.0 = Release|Any CPU
		{5B104CB9-ACCB-42F3-9157-AF84FE8B3E4D}.Release|x64.ActiveCfg = Release|Any CPU
		{5B104CB9-ACCB-42F3-9157-AF84FE8B3E4D}.Release|x64.Build.0 = Release|Any CPU
		{5B104CB9-ACCB-42F3-9157-AF84FE8B3E4D}.Release|x86.ActiveCfg = Release|Any CPU
		{5B104CB9-ACCB-42F3-9157-AF84FE8B3E4D}.Release|x86.Build.0 = Release|Any CPU
		{636E3CD9-0C81-4C10-ACE8-4ABDC74DD236}.Debug|Any CPU.ActiveCfg = Debug|Any CPU
		{636E3CD9-0C81-4C10-ACE8-4ABDC74DD236}.Debug|Any CPU.Build.0 = Debug|Any CPU
		{636E3CD9-0C81-4C10-ACE8-4ABDC74DD236}.Debug|x64.ActiveCfg = Debug|Any CPU
		{636E3CD9-0C81-4C10-ACE8-4ABDC74DD236}.Debug|x64.Build.0 = Debug|Any CPU
		{636E3CD9-0C81-4C10-ACE8-4ABDC74DD236}.Debug|x86.ActiveCfg = Debug|Any CPU
		{636E3CD9-0C81-4C10-ACE8-4ABDC74DD236}.Debug|x86.Build.0 = Debug|Any CPU
		{636E3CD9-0C81-4C10-ACE8-4ABDC74DD236}.Release|Any CPU.ActiveCfg = Release|Any CPU
		{636E3CD9-0C81-4C10-ACE8-4ABDC74DD236}.Release|Any CPU.Build.0 = Release|Any CPU
		{636E3CD9-0C81-4C10-ACE8-4ABDC74DD236}.Release|x64.ActiveCfg = Release|Any CPU
		{636E3CD9-0C81-4C10-ACE8-4ABDC74DD236}.Release|x64.Build.0 = Release|Any CPU
		{636E3CD9-0C81-4C10-ACE8-4ABDC74DD236}.Release|x86.ActiveCfg = Release|Any CPU
		{636E3CD9-0C81-4C10-ACE8-4ABDC74DD236}.Release|x86.Build.0 = Release|Any CPU
		{A187A832-B31C-446E-B2C3-416106C6578D}.Debug|Any CPU.ActiveCfg = Debug|Any CPU
		{A187A832-B31C-446E-B2C3-416106C6578D}.Debug|Any CPU.Build.0 = Debug|Any CPU
		{A187A832-B31C-446E-B2C3-416106C6578D}.Debug|x64.ActiveCfg = Debug|Any CPU
		{A187A832-B31C-446E-B2C3-416106C6578D}.Debug|x64.Build.0 = Debug|Any CPU
		{A187A832-B31C-446E-B2C3-416106C6578D}.Debug|x86.ActiveCfg = Debug|Any CPU
		{A187A832-B31C-446E-B2C3-416106C6578D}.Debug|x86.Build.0 = Debug|Any CPU
		{A187A832-B31C-446E-B2C3-416106C6578D}.Release|Any CPU.ActiveCfg = Release|Any CPU
		{A187A832-B31C-446E-B2C3-416106C6578D}.Release|Any CPU.Build.0 = Release|Any CPU
		{A187A832-B31C-446E-B2C3-416106C6578D}.Release|x64.ActiveCfg = Release|Any CPU
		{A187A832-B31C-446E-B2C3-416106C6578D}.Release|x64.Build.0 = Release|Any CPU
		{A187A832-B31C-446E-B2C3-416106C6578D}.Release|x86.ActiveCfg = Release|Any CPU
		{A187A832-B31C-446E-B2C3-416106C6578D}.Release|x86.Build.0 = Release|Any CPU
		{4506352C-7826-47EB-86CB-892E8AA34C3F}.Debug|Any CPU.ActiveCfg = Debug|Any CPU
		{4506352C-7826-47EB-86CB-892E8AA34C3F}.Debug|Any CPU.Build.0 = Debug|Any CPU
		{4506352C-7826-47EB-86CB-892E8AA34C3F}.Debug|x64.ActiveCfg = Debug|Any CPU
		{4506352C-7826-47EB-86CB-892E8AA34C3F}.Debug|x64.Build.0 = Debug|Any CPU
		{4506352C-7826-47EB-86CB-892E8AA34C3F}.Debug|x86.ActiveCfg = Debug|Any CPU
		{4506352C-7826-47EB-86CB-892E8AA34C3F}.Debug|x86.Build.0 = Debug|Any CPU
		{4506352C-7826-47EB-86CB-892E8AA34C3F}.Release|Any CPU.ActiveCfg = Release|Any CPU
		{4506352C-7826-47EB-86CB-892E8AA34C3F}.Release|Any CPU.Build.0 = Release|Any CPU
		{4506352C-7826-47EB-86CB-892E8AA34C3F}.Release|x64.ActiveCfg = Release|Any CPU
		{4506352C-7826-47EB-86CB-892E8AA34C3F}.Release|x64.Build.0 = Release|Any CPU
		{4506352C-7826-47EB-86CB-892E8AA34C3F}.Release|x86.ActiveCfg = Release|Any CPU
		{4506352C-7826-47EB-86CB-892E8AA34C3F}.Release|x86.Build.0 = Release|Any CPU
		{BA4CD270-9012-4ED7-AA5E-613B656C2DAC}.Debug|Any CPU.ActiveCfg = Debug|Any CPU
		{BA4CD270-9012-4ED7-AA5E-613B656C2DAC}.Debug|Any CPU.Build.0 = Debug|Any CPU
		{BA4CD270-9012-4ED7-AA5E-613B656C2DAC}.Debug|x64.ActiveCfg = Debug|Any CPU
		{BA4CD270-9012-4ED7-AA5E-613B656C2DAC}.Debug|x64.Build.0 = Debug|Any CPU
		{BA4CD270-9012-4ED7-AA5E-613B656C2DAC}.Debug|x86.ActiveCfg = Debug|Any CPU
		{BA4CD270-9012-4ED7-AA5E-613B656C2DAC}.Debug|x86.Build.0 = Debug|Any CPU
		{BA4CD270-9012-4ED7-AA5E-613B656C2DAC}.Release|Any CPU.ActiveCfg = Release|Any CPU
		{BA4CD270-9012-4ED7-AA5E-613B656C2DAC}.Release|Any CPU.Build.0 = Release|Any CPU
		{BA4CD270-9012-4ED7-AA5E-613B656C2DAC}.Release|x64.ActiveCfg = Release|Any CPU
		{BA4CD270-9012-4ED7-AA5E-613B656C2DAC}.Release|x64.Build.0 = Release|Any CPU
		{BA4CD270-9012-4ED7-AA5E-613B656C2DAC}.Release|x86.ActiveCfg = Release|Any CPU
		{BA4CD270-9012-4ED7-AA5E-613B656C2DAC}.Release|x86.Build.0 = Release|Any CPU
		{9549CDB0-B187-4860-B06C-5A5A445E088B}.Debug|Any CPU.ActiveCfg = Debug|Any CPU
		{9549CDB0-B187-4860-B06C-5A5A445E088B}.Debug|Any CPU.Build.0 = Debug|Any CPU
		{9549CDB0-B187-4860-B06C-5A5A445E088B}.Debug|x64.ActiveCfg = Debug|Any CPU
		{9549CDB0-B187-4860-B06C-5A5A445E088B}.Debug|x64.Build.0 = Debug|Any CPU
		{9549CDB0-B187-4860-B06C-5A5A445E088B}.Debug|x86.ActiveCfg = Debug|Any CPU
		{9549CDB0-B187-4860-B06C-5A5A445E088B}.Debug|x86.Build.0 = Debug|Any CPU
		{9549CDB0-B187-4860-B06C-5A5A445E088B}.Release|Any CPU.ActiveCfg = Release|Any CPU
		{9549CDB0-B187-4860-B06C-5A5A445E088B}.Release|Any CPU.Build.0 = Release|Any CPU
		{9549CDB0-B187-4860-B06C-5A5A445E088B}.Release|x64.ActiveCfg = Release|Any CPU
		{9549CDB0-B187-4860-B06C-5A5A445E088B}.Release|x64.Build.0 = Release|Any CPU
		{9549CDB0-B187-4860-B06C-5A5A445E088B}.Release|x86.ActiveCfg = Release|Any CPU
		{9549CDB0-B187-4860-B06C-5A5A445E088B}.Release|x86.Build.0 = Release|Any CPU
		{32378CF0-CB7D-4242-957B-676908420E8A}.Debug|Any CPU.ActiveCfg = Debug|Any CPU
		{32378CF0-CB7D-4242-957B-676908420E8A}.Debug|Any CPU.Build.0 = Debug|Any CPU
		{32378CF0-CB7D-4242-957B-676908420E8A}.Debug|x64.ActiveCfg = Debug|Any CPU
		{32378CF0-CB7D-4242-957B-676908420E8A}.Debug|x64.Build.0 = Debug|Any CPU
		{32378CF0-CB7D-4242-957B-676908420E8A}.Debug|x86.ActiveCfg = Debug|Any CPU
		{32378CF0-CB7D-4242-957B-676908420E8A}.Debug|x86.Build.0 = Debug|Any CPU
		{32378CF0-CB7D-4242-957B-676908420E8A}.Release|Any CPU.ActiveCfg = Release|Any CPU
		{32378CF0-CB7D-4242-957B-676908420E8A}.Release|Any CPU.Build.0 = Release|Any CPU
		{32378CF0-CB7D-4242-957B-676908420E8A}.Release|x64.ActiveCfg = Release|Any CPU
		{32378CF0-CB7D-4242-957B-676908420E8A}.Release|x64.Build.0 = Release|Any CPU
		{32378CF0-CB7D-4242-957B-676908420E8A}.Release|x86.ActiveCfg = Release|Any CPU
		{32378CF0-CB7D-4242-957B-676908420E8A}.Release|x86.Build.0 = Release|Any CPU
		{5AEBC439-9CA8-4D02-A118-B19090E66223}.Debug|Any CPU.ActiveCfg = Debug|Any CPU
		{5AEBC439-9CA8-4D02-A118-B19090E66223}.Debug|Any CPU.Build.0 = Debug|Any CPU
		{5AEBC439-9CA8-4D02-A118-B19090E66223}.Debug|x64.ActiveCfg = Debug|Any CPU
		{5AEBC439-9CA8-4D02-A118-B19090E66223}.Debug|x64.Build.0 = Debug|Any CPU
		{5AEBC439-9CA8-4D02-A118-B19090E66223}.Debug|x86.ActiveCfg = Debug|Any CPU
		{5AEBC439-9CA8-4D02-A118-B19090E66223}.Debug|x86.Build.0 = Debug|Any CPU
		{5AEBC439-9CA8-4D02-A118-B19090E66223}.Release|Any CPU.ActiveCfg = Release|Any CPU
		{5AEBC439-9CA8-4D02-A118-B19090E66223}.Release|Any CPU.Build.0 = Release|Any CPU
		{5AEBC439-9CA8-4D02-A118-B19090E66223}.Release|x64.ActiveCfg = Release|Any CPU
		{5AEBC439-9CA8-4D02-A118-B19090E66223}.Release|x64.Build.0 = Release|Any CPU
		{5AEBC439-9CA8-4D02-A118-B19090E66223}.Release|x86.ActiveCfg = Release|Any CPU
		{5AEBC439-9CA8-4D02-A118-B19090E66223}.Release|x86.Build.0 = Release|Any CPU
		{BD693153-6B2D-4B54-BFC9-35E20C996270}.Debug|Any CPU.ActiveCfg = Debug|Any CPU
		{BD693153-6B2D-4B54-BFC9-35E20C996270}.Debug|Any CPU.Build.0 = Debug|Any CPU
		{BD693153-6B2D-4B54-BFC9-35E20C996270}.Debug|x64.ActiveCfg = Debug|Any CPU
		{BD693153-6B2D-4B54-BFC9-35E20C996270}.Debug|x64.Build.0 = Debug|Any CPU
		{BD693153-6B2D-4B54-BFC9-35E20C996270}.Debug|x86.ActiveCfg = Debug|Any CPU
		{BD693153-6B2D-4B54-BFC9-35E20C996270}.Debug|x86.Build.0 = Debug|Any CPU
		{BD693153-6B2D-4B54-BFC9-35E20C996270}.Release|Any CPU.ActiveCfg = Release|Any CPU
		{BD693153-6B2D-4B54-BFC9-35E20C996270}.Release|Any CPU.Build.0 = Release|Any CPU
		{BD693153-6B2D-4B54-BFC9-35E20C996270}.Release|x64.ActiveCfg = Release|Any CPU
		{BD693153-6B2D-4B54-BFC9-35E20C996270}.Release|x64.Build.0 = Release|Any CPU
		{BD693153-6B2D-4B54-BFC9-35E20C996270}.Release|x86.ActiveCfg = Release|Any CPU
		{BD693153-6B2D-4B54-BFC9-35E20C996270}.Release|x86.Build.0 = Release|Any CPU
		{BDB248AE-6CBB-4BB5-9FB1-8A8FDD18C4CE}.Debug|Any CPU.ActiveCfg = Debug|Any CPU
		{BDB248AE-6CBB-4BB5-9FB1-8A8FDD18C4CE}.Debug|Any CPU.Build.0 = Debug|Any CPU
		{BDB248AE-6CBB-4BB5-9FB1-8A8FDD18C4CE}.Debug|x64.ActiveCfg = Debug|Any CPU
		{BDB248AE-6CBB-4BB5-9FB1-8A8FDD18C4CE}.Debug|x64.Build.0 = Debug|Any CPU
		{BDB248AE-6CBB-4BB5-9FB1-8A8FDD18C4CE}.Debug|x86.ActiveCfg = Debug|Any CPU
		{BDB248AE-6CBB-4BB5-9FB1-8A8FDD18C4CE}.Debug|x86.Build.0 = Debug|Any CPU
		{BDB248AE-6CBB-4BB5-9FB1-8A8FDD18C4CE}.Release|Any CPU.ActiveCfg = Release|Any CPU
		{BDB248AE-6CBB-4BB5-9FB1-8A8FDD18C4CE}.Release|Any CPU.Build.0 = Release|Any CPU
		{BDB248AE-6CBB-4BB5-9FB1-8A8FDD18C4CE}.Release|x64.ActiveCfg = Release|Any CPU
		{BDB248AE-6CBB-4BB5-9FB1-8A8FDD18C4CE}.Release|x64.Build.0 = Release|Any CPU
		{BDB248AE-6CBB-4BB5-9FB1-8A8FDD18C4CE}.Release|x86.ActiveCfg = Release|Any CPU
		{BDB248AE-6CBB-4BB5-9FB1-8A8FDD18C4CE}.Release|x86.Build.0 = Release|Any CPU
		{44DA15EF-BB86-4C4F-8809-A5BCA7B7FA18}.Debug|Any CPU.ActiveCfg = Debug|Any CPU
		{44DA15EF-BB86-4C4F-8809-A5BCA7B7FA18}.Debug|Any CPU.Build.0 = Debug|Any CPU
		{44DA15EF-BB86-4C4F-8809-A5BCA7B7FA18}.Debug|x64.ActiveCfg = Debug|Any CPU
		{44DA15EF-BB86-4C4F-8809-A5BCA7B7FA18}.Debug|x64.Build.0 = Debug|Any CPU
		{44DA15EF-BB86-4C4F-8809-A5BCA7B7FA18}.Debug|x86.ActiveCfg = Debug|Any CPU
		{44DA15EF-BB86-4C4F-8809-A5BCA7B7FA18}.Debug|x86.Build.0 = Debug|Any CPU
		{44DA15EF-BB86-4C4F-8809-A5BCA7B7FA18}.Release|Any CPU.ActiveCfg = Release|Any CPU
		{44DA15EF-BB86-4C4F-8809-A5BCA7B7FA18}.Release|Any CPU.Build.0 = Release|Any CPU
		{44DA15EF-BB86-4C4F-8809-A5BCA7B7FA18}.Release|x64.ActiveCfg = Release|Any CPU
		{44DA15EF-BB86-4C4F-8809-A5BCA7B7FA18}.Release|x64.Build.0 = Release|Any CPU
		{44DA15EF-BB86-4C4F-8809-A5BCA7B7FA18}.Release|x86.ActiveCfg = Release|Any CPU
		{44DA15EF-BB86-4C4F-8809-A5BCA7B7FA18}.Release|x86.Build.0 = Release|Any CPU
		{D03E7529-5E28-4478-A0DC-596B674C11CC}.Debug|Any CPU.ActiveCfg = Debug|Any CPU
		{D03E7529-5E28-4478-A0DC-596B674C11CC}.Debug|Any CPU.Build.0 = Debug|Any CPU
		{D03E7529-5E28-4478-A0DC-596B674C11CC}.Debug|x64.ActiveCfg = Debug|Any CPU
		{D03E7529-5E28-4478-A0DC-596B674C11CC}.Debug|x64.Build.0 = Debug|Any CPU
		{D03E7529-5E28-4478-A0DC-596B674C11CC}.Debug|x86.ActiveCfg = Debug|Any CPU
		{D03E7529-5E28-4478-A0DC-596B674C11CC}.Debug|x86.Build.0 = Debug|Any CPU
		{D03E7529-5E28-4478-A0DC-596B674C11CC}.Release|Any CPU.ActiveCfg = Release|Any CPU
		{D03E7529-5E28-4478-A0DC-596B674C11CC}.Release|Any CPU.Build.0 = Release|Any CPU
		{D03E7529-5E28-4478-A0DC-596B674C11CC}.Release|x64.ActiveCfg = Release|Any CPU
		{D03E7529-5E28-4478-A0DC-596B674C11CC}.Release|x64.Build.0 = Release|Any CPU
		{D03E7529-5E28-4478-A0DC-596B674C11CC}.Release|x86.ActiveCfg = Release|Any CPU
		{D03E7529-5E28-4478-A0DC-596B674C11CC}.Release|x86.Build.0 = Release|Any CPU
		{4E0630FC-BB47-4454-B395-5AFC89AAA207}.Debug|Any CPU.ActiveCfg = Debug|Any CPU
		{4E0630FC-BB47-4454-B395-5AFC89AAA207}.Debug|Any CPU.Build.0 = Debug|Any CPU
		{4E0630FC-BB47-4454-B395-5AFC89AAA207}.Debug|x64.ActiveCfg = Debug|Any CPU
		{4E0630FC-BB47-4454-B395-5AFC89AAA207}.Debug|x64.Build.0 = Debug|Any CPU
		{4E0630FC-BB47-4454-B395-5AFC89AAA207}.Debug|x86.ActiveCfg = Debug|Any CPU
		{4E0630FC-BB47-4454-B395-5AFC89AAA207}.Debug|x86.Build.0 = Debug|Any CPU
		{4E0630FC-BB47-4454-B395-5AFC89AAA207}.Release|Any CPU.ActiveCfg = Release|Any CPU
		{4E0630FC-BB47-4454-B395-5AFC89AAA207}.Release|Any CPU.Build.0 = Release|Any CPU
		{4E0630FC-BB47-4454-B395-5AFC89AAA207}.Release|x64.ActiveCfg = Release|Any CPU
		{4E0630FC-BB47-4454-B395-5AFC89AAA207}.Release|x64.Build.0 = Release|Any CPU
		{4E0630FC-BB47-4454-B395-5AFC89AAA207}.Release|x86.ActiveCfg = Release|Any CPU
		{4E0630FC-BB47-4454-B395-5AFC89AAA207}.Release|x86.Build.0 = Release|Any CPU
		{5EC25549-ADE1-46C0-9AD3-88D6BE2DD2E4}.Debug|Any CPU.ActiveCfg = Debug|Any CPU
		{5EC25549-ADE1-46C0-9AD3-88D6BE2DD2E4}.Debug|Any CPU.Build.0 = Debug|Any CPU
		{5EC25549-ADE1-46C0-9AD3-88D6BE2DD2E4}.Debug|x64.ActiveCfg = Debug|Any CPU
		{5EC25549-ADE1-46C0-9AD3-88D6BE2DD2E4}.Debug|x64.Build.0 = Debug|Any CPU
		{5EC25549-ADE1-46C0-9AD3-88D6BE2DD2E4}.Debug|x86.ActiveCfg = Debug|Any CPU
		{5EC25549-ADE1-46C0-9AD3-88D6BE2DD2E4}.Debug|x86.Build.0 = Debug|Any CPU
		{5EC25549-ADE1-46C0-9AD3-88D6BE2DD2E4}.Release|Any CPU.ActiveCfg = Release|Any CPU
		{5EC25549-ADE1-46C0-9AD3-88D6BE2DD2E4}.Release|Any CPU.Build.0 = Release|Any CPU
		{5EC25549-ADE1-46C0-9AD3-88D6BE2DD2E4}.Release|x64.ActiveCfg = Release|Any CPU
		{5EC25549-ADE1-46C0-9AD3-88D6BE2DD2E4}.Release|x64.Build.0 = Release|Any CPU
		{5EC25549-ADE1-46C0-9AD3-88D6BE2DD2E4}.Release|x86.ActiveCfg = Release|Any CPU
		{5EC25549-ADE1-46C0-9AD3-88D6BE2DD2E4}.Release|x86.Build.0 = Release|Any CPU
		{3AB2EDD3-29CD-4439-824A-AA77A83D8313}.Debug|Any CPU.ActiveCfg = Debug|Any CPU
		{3AB2EDD3-29CD-4439-824A-AA77A83D8313}.Debug|Any CPU.Build.0 = Debug|Any CPU
		{3AB2EDD3-29CD-4439-824A-AA77A83D8313}.Debug|x64.ActiveCfg = Debug|Any CPU
		{3AB2EDD3-29CD-4439-824A-AA77A83D8313}.Debug|x64.Build.0 = Debug|Any CPU
		{3AB2EDD3-29CD-4439-824A-AA77A83D8313}.Debug|x86.ActiveCfg = Debug|Any CPU
		{3AB2EDD3-29CD-4439-824A-AA77A83D8313}.Debug|x86.Build.0 = Debug|Any CPU
		{3AB2EDD3-29CD-4439-824A-AA77A83D8313}.Release|Any CPU.ActiveCfg = Release|Any CPU
		{3AB2EDD3-29CD-4439-824A-AA77A83D8313}.Release|Any CPU.Build.0 = Release|Any CPU
		{3AB2EDD3-29CD-4439-824A-AA77A83D8313}.Release|x64.ActiveCfg = Release|Any CPU
		{3AB2EDD3-29CD-4439-824A-AA77A83D8313}.Release|x64.Build.0 = Release|Any CPU
		{3AB2EDD3-29CD-4439-824A-AA77A83D8313}.Release|x86.ActiveCfg = Release|Any CPU
		{3AB2EDD3-29CD-4439-824A-AA77A83D8313}.Release|x86.Build.0 = Release|Any CPU
	EndGlobalSection
	GlobalSection(SolutionProperties) = preSolution
		HideSolutionNode = FALSE
	EndGlobalSection
	GlobalSection(NestedProjects) = preSolution
		{2C850AE8-F45A-486D-91A8-153434BC9051} = {827E0CD3-B72D-47B6-A68D-7590B98EB39B}
		{B0332B14-CA7D-4D78-92DA-B1C09D83056B} = {0AB3BF05-4346-4AA6-1389-037BE0695223}
		{D9130A71-1A89-4C6F-95E2-578AB2CBE920} = {827E0CD3-B72D-47B6-A68D-7590B98EB39B}
		{5B104CB9-ACCB-42F3-9157-AF84FE8B3E4D} = {0AB3BF05-4346-4AA6-1389-037BE0695223}
		{636E3CD9-0C81-4C10-ACE8-4ABDC74DD236} = {827E0CD3-B72D-47B6-A68D-7590B98EB39B}
		{A187A832-B31C-446E-B2C3-416106C6578D} = {0AB3BF05-4346-4AA6-1389-037BE0695223}
		{4506352C-7826-47EB-86CB-892E8AA34C3F} = {5D20AA90-6969-D8BD-9DCD-8634F4692FDA}
		{BA4CD270-9012-4ED7-AA5E-613B656C2DAC} = {5D20AA90-6969-D8BD-9DCD-8634F4692FDA}
		{9549CDB0-B187-4860-B06C-5A5A445E088B} = {5D20AA90-6969-D8BD-9DCD-8634F4692FDA}
		{32378CF0-CB7D-4242-957B-676908420E8A} = {0AB3BF05-4346-4AA6-1389-037BE0695223}
		{5AEBC439-9CA8-4D02-A118-B19090E66223} = {827E0CD3-B72D-47B6-A68D-7590B98EB39B}
		{BD693153-6B2D-4B54-BFC9-35E20C996270} = {0AB3BF05-4346-4AA6-1389-037BE0695223}
		{BDB248AE-6CBB-4BB5-9FB1-8A8FDD18C4CE} = {827E0CD3-B72D-47B6-A68D-7590B98EB39B}
		{44DA15EF-BB86-4C4F-8809-A5BCA7B7FA18} = {0AB3BF05-4346-4AA6-1389-037BE0695223}
		{D03E7529-5E28-4478-A0DC-596B674C11CC} = {827E0CD3-B72D-47B6-A68D-7590B98EB39B}
		{4E0630FC-BB47-4454-B395-5AFC89AAA207} = {0AB3BF05-4346-4AA6-1389-037BE0695223}
		{5EC25549-ADE1-46C0-9AD3-88D6BE2DD2E4} = {827E0CD3-B72D-47B6-A68D-7590B98EB39B}
		{3AB2EDD3-29CD-4439-824A-AA77A83D8313} = {0AB3BF05-4346-4AA6-1389-037BE0695223}
	EndGlobalSection
EndGlobal
